
Microsoft Visual Studio Solution File, Format Version 12.00
# Visual Studio 15
VisualStudioVersion = 15.0.28307.438
MinimumVisualStudioVersion = 10.0.40219.1
Project("{FAE04EC0-301F-11D3-BF4B-00C04F79EFBC}") = "GinkgoCode", "GinkgoCode\GinkgoCode.csproj", "{3385F0EC-6CEF-465E-8F81-D8D1D7DAD8CC}"
EndProject
Project("{FAE04EC0-301F-11D3-BF4B-00C04F79EFBC}") = "CodeGen", "CodeGen\CodeGen.csproj", "{63DD5F93-7399-4CDF-9F6E-F110557D70E6}"
EndProject
Project("{FAE04EC0-301F-11D3-BF4B-00C04F79EFBC}") = "CodeVsix", "CodeVsix\CodeVsix.csproj", "{234A8B61-91E1-4F0D-A23D-D2441B364E3C}"
EndProject
Global
	GlobalSection(SolutionConfigurationPlatforms) = preSolution
		Debug|Any CPU = Debug|Any CPU
		Release|Any CPU = Release|Any CPU
	EndGlobalSection
	GlobalSection(ProjectConfigurationPlatforms) = postSolution
		{3385F0EC-6CEF-465E-8F81-D8D1D7DAD8CC}.Debug|Any CPU.ActiveCfg = Debug|Any CPU
		{3385F0EC-6CEF-465E-8F81-D8D1D7DAD8CC}.Debug|Any CPU.Build.0 = Debug|Any CPU
		{3385F0EC-6CEF-465E-8F81-D8D1D7DAD8CC}.Release|Any CPU.ActiveCfg = Release|Any CPU
		{3385F0EC-6CEF-465E-8F81-D8D1D7DAD8CC}.Release|Any CPU.Build.0 = Release|Any CPU
		{63DD5F93-7399-4CDF-9F6E-F110557D70E6}.Debug|Any CPU.ActiveCfg = Debug|Any CPU
		{63DD5F93-7399-4CDF-9F6E-F110557D70E6}.Debug|Any CPU.Build.0 = Debug|Any CPU
		{63DD5F93-7399-4CDF-9F6E-F110557D70E6}.Release|Any CPU.ActiveCfg = Release|Any CPU
		{63DD5F93-7399-4CDF-9F6E-F110557D70E6}.Release|Any CPU.Build.0 = Release|Any CPU
		{234A8B61-91E1-4F0D-A23D-D2441B364E3C}.Debug|Any CPU.ActiveCfg = Debug|Any CPU
		{234A8B61-91E1-4F0D-A23D-D2441B364E3C}.Debug|Any CPU.Build.0 = Debug|Any CPU
		{234A8B61-91E1-4F0D-A23D-D2441B364E3C}.Release|Any CPU.ActiveCfg = Release|Any CPU
		{234A8B61-91E1-4F0D-A23D-D2441B364E3C}.Release|Any CPU.Build.0 = Release|Any CPU
	EndGlobalSection
	GlobalSection(SolutionProperties) = preSolution
		HideSolutionNode = FALSE
	EndGlobalSection
	GlobalSection(ExtensibilityGlobals) = postSolution
		SolutionGuid = {E60D1257-130E-4E19-9FCA-C1D9BB487238}
	EndGlobalSection
EndGlobal
